
Microsoft Visual Studio Solution File, Format Version 12.00
# Visual Studio 14
VisualStudioVersion = 14.0.25420.1
MinimumVisualStudioVersion = 10.0.40219.1
Project("{2150E333-8FDC-42A3-9474-1A3956D46DE8}") = "Blog.Domain", "Blog.Domain", "{6B4F4CB6-324A-4654-B09A-1A19F9AE87A8}"
EndProject
Project("{2150E333-8FDC-42A3-9474-1A3956D46DE8}") = "Blog.Infra.Data", "Blog.Infra.Data", "{CF0C2537-84B9-44B6-8C20-26A887147651}"
EndProject
Project("{2150E333-8FDC-42A3-9474-1A3956D46DE8}") = "Blog.Application", "Blog.Application", "{9A7081C9-F944-40AF-9995-9228E1CF64A2}"
EndProject
Project("{FAE04EC0-301F-11D3-BF4B-00C04F79EFBC}") = "Blog.Domain", "Blog.Domain\Blog.Domain.csproj", "{BC097449-6ADD-4F59-9576-03A1376CCE7A}"
EndProject
Project("{FAE04EC0-301F-11D3-BF4B-00C04F79EFBC}") = "Blog.Infra.Data.Mongo", "Blog.Infra.Data.Mongo\Blog.Infra.Data.Mongo.csproj", "{3D8A797B-3A57-4867-A206-71C823D92385}"
EndProject
Project("{FAE04EC0-301F-11D3-BF4B-00C04F79EFBC}") = "Blog.Application", "Blog.Application\Blog.Application.csproj", "{AE013CD8-35B2-4245-965D-E7120A11C40F}"
EndProject
Project("{2150E333-8FDC-42A3-9474-1A3956D46DE8}") = "Blog.WebAPI", "Blog.WebAPI", "{251ACB69-BC97-42B4-9C19-80922F92EBC2}"
EndProject
Project("{FAE04EC0-301F-11D3-BF4B-00C04F79EFBC}") = "Blog.API", "Blog.API\Blog.API.csproj", "{FA14694E-75EA-4008-9F88-925A85E37B77}"
EndProject
Project("{FAE04EC0-301F-11D3-BF4B-00C04F79EFBC}") = "Blog.API.Tests", "Blog.API.Tests\Blog.API.Tests.csproj", "{949B477F-BAA3-4C5C-87C8-49A7DF13166B}"
EndProject
Project("{2150E333-8FDC-42A3-9474-1A3956D46DE8}") = "Blog.MVC", "Blog.MVC", "{7389E41F-B51C-45AE-938A-DA178C053DB0}"
EndProject
Project("{FAE04EC0-301F-11D3-BF4B-00C04F79EFBC}") = "Blog.WebMVC", "Blog.WebMVC\Blog.WebMVC.csproj", "{F5BABFB2-4AEE-4711-84D3-ECA3FD377EC1}"
EndProject
Global
	GlobalSection(SolutionConfigurationPlatforms) = preSolution
		Debug|Any CPU = Debug|Any CPU
		Release|Any CPU = Release|Any CPU
	EndGlobalSection
	GlobalSection(ProjectConfigurationPlatforms) = postSolution
		{BC097449-6ADD-4F59-9576-03A1376CCE7A}.Debug|Any CPU.ActiveCfg = Debug|Any CPU
		{BC097449-6ADD-4F59-9576-03A1376CCE7A}.Debug|Any CPU.Build.0 = Debug|Any CPU
		{BC097449-6ADD-4F59-9576-03A1376CCE7A}.Release|Any CPU.ActiveCfg = Release|Any CPU
		{BC097449-6ADD-4F59-9576-03A1376CCE7A}.Release|Any CPU.Build.0 = Release|Any CPU
		{3D8A797B-3A57-4867-A206-71C823D92385}.Debug|Any CPU.ActiveCfg = Debug|Any CPU
		{3D8A797B-3A57-4867-A206-71C823D92385}.Debug|Any CPU.Build.0 = Debug|Any CPU
		{3D8A797B-3A57-4867-A206-71C823D92385}.Release|Any CPU.ActiveCfg = Release|Any CPU
		{3D8A797B-3A57-4867-A206-71C823D92385}.Release|Any CPU.Build.0 = Release|Any CPU
		{AE013CD8-35B2-4245-965D-E7120A11C40F}.Debug|Any CPU.ActiveCfg = Debug|Any CPU
		{AE013CD8-35B2-4245-965D-E7120A11C40F}.Debug|Any CPU.Build.0 = Debug|Any CPU
		{AE013CD8-35B2-4245-965D-E7120A11C40F}.Release|Any CPU.ActiveCfg = Release|Any CPU
		{AE013CD8-35B2-4245-965D-E7120A11C40F}.Release|Any CPU.Build.0 = Release|Any CPU
		{FA14694E-75EA-4008-9F88-925A85E37B77}.Debug|Any CPU.ActiveCfg = Debug|Any CPU
		{FA14694E-75EA-4008-9F88-925A85E37B77}.Debug|Any CPU.Build.0 = Debug|Any CPU
		{FA14694E-75EA-4008-9F88-925A85E37B77}.Release|Any CPU.ActiveCfg = Release|Any CPU
		{FA14694E-75EA-4008-9F88-925A85E37B77}.Release|Any CPU.Build.0 = Release|Any CPU
		{949B477F-BAA3-4C5C-87C8-49A7DF13166B}.Debug|Any CPU.ActiveCfg = Debug|Any CPU
		{949B477F-BAA3-4C5C-87C8-49A7DF13166B}.Debug|Any CPU.Build.0 = Debug|Any CPU
		{949B477F-BAA3-4C5C-87C8-49A7DF13166B}.Release|Any CPU.ActiveCfg = Release|Any CPU
		{949B477F-BAA3-4C5C-87C8-49A7DF13166B}.Release|Any CPU.Build.0 = Release|Any CPU
		{F5BABFB2-4AEE-4711-84D3-ECA3FD377EC1}.Debug|Any CPU.ActiveCfg = Debug|Any CPU
		{F5BABFB2-4AEE-4711-84D3-ECA3FD377EC1}.Debug|Any CPU.Build.0 = Debug|Any CPU
		{F5BABFB2-4AEE-4711-84D3-ECA3FD377EC1}.Release|Any CPU.ActiveCfg = Release|Any CPU
		{F5BABFB2-4AEE-4711-84D3-ECA3FD377EC1}.Release|Any CPU.Build.0 = Release|Any CPU
	EndGlobalSection
	GlobalSection(SolutionProperties) = preSolution
		HideSolutionNode = FALSE
	EndGlobalSection
	GlobalSection(NestedProjects) = preSolution
		{BC097449-6ADD-4F59-9576-03A1376CCE7A} = {6B4F4CB6-324A-4654-B09A-1A19F9AE87A8}
		{3D8A797B-3A57-4867-A206-71C823D92385} = {CF0C2537-84B9-44B6-8C20-26A887147651}
		{AE013CD8-35B2-4245-965D-E7120A11C40F} = {9A7081C9-F944-40AF-9995-9228E1CF64A2}
		{FA14694E-75EA-4008-9F88-925A85E37B77} = {251ACB69-BC97-42B4-9C19-80922F92EBC2}
		{949B477F-BAA3-4C5C-87C8-49A7DF13166B} = {251ACB69-BC97-42B4-9C19-80922F92EBC2}
		{F5BABFB2-4AEE-4711-84D3-ECA3FD377EC1} = {7389E41F-B51C-45AE-938A-DA178C053DB0}
	EndGlobalSection
EndGlobal
